// !$*UTF8*$!
{
	archiveVersion = 1;
	classes = {
	};
	objectVersion = 77;
	objects = {

/* Begin PBXBuildFile section */
		7561FB1D2E455A5D003611FB /* README.md in Resources */ = {isa = PBXBuildFile; fileRef = 7561FB1C2E455A5D003611FB /* README.md */; };
/* End PBXBuildFile section */

/* Begin PBXContainerItemProxy section */
		759787D92E42E6F1009C7329 /* PBXContainerItemProxy */ = {
			isa = PBXContainerItemProxy;
			containerPortal = 759787BB2E42E6EE009C7329 /* Project object */;
			proxyType = 1;
			remoteGlobalIDString = 759787C22E42E6EE009C7329;
			remoteInfo = ExpenseLite;
		};
		759787E32E42E6F1009C7329 /* PBXContainerItemProxy */ = {
			isa = PBXContainerItemProxy;
			containerPortal = 759787BB2E42E6EE009C7329 /* Project object */;
			proxyType = 1;
			remoteGlobalIDString = 759787C22E42E6EE009C7329;
			remoteInfo = ExpenseLite;
		};
/* End PBXContainerItemProxy section */

/* Begin PBXFileReference section */
		7561FB1C2E455A5D003611FB /* README.md */ = {isa = PBXFileReference; lastKnownFileType = net.daringfireball.markdown; path = README.md; sourceTree = "<group>"; };
		759787C32E42E6EE009C7329 /* ExpenseLite.app */ = {isa = PBXFileReference; explicitFileType = wrapper.application; includeInIndex = 0; path = ExpenseLite.app; sourceTree = BUILT_PRODUCTS_DIR; };
		759787D82E42E6F1009C7329 /* ExpenseLiteTests.xctest */ = {isa = PBXFileReference; explicitFileType = wrapper.cfbundle; includeInIndex = 0; path = ExpenseLiteTests.xctest; sourceTree = BUILT_PRODUCTS_DIR; };
		759787E22E42E6F1009C7329 /* ExpenseLiteUITests.xctest */ = {isa = PBXFileReference; explicitFileType = wrapper.cfbundle; includeInIndex = 0; path = ExpenseLiteUITests.xctest; sourceTree = BUILT_PRODUCTS_DIR; };
/* End PBXFileReference section */

/* Begin PBXFileSystemSynchronizedRootGroup section */
		759787C52E42E6EE009C7329 /* ExpenseLite */ = {
			isa = PBXFileSystemSynchronizedRootGroup;
			path = ExpenseLite;
			sourceTree = "<group>";
		};
		759787DB2E42E6F1009C7329 /* ExpenseLiteTests */ = {
			isa = PBXFileSystemSynchronizedRootGroup;
			path = ExpenseLiteTests;
			sourceTree = "<group>";
		};
		759787E52E42E6F1009C7329 /* ExpenseLiteUITests */ = {
			isa = PBXFileSystemSynchronizedRootGroup;
			path = ExpenseLiteUITests;
			sourceTree = "<group>";
		};
/* End PBXFileSystemSynchronizedRootGroup section */

/* Begin PBXFrameworksBuildPhase section */
		759787C02E42E6EE009C7329 /* Frameworks */ = {
			isa = PBXFrameworksBuildPhase;
			buildActionMask = 2147483647;
			files = (
			);
			runOnlyForDeploymentPostprocessing = 0;
		};
		759787D52E42E6F1009C7329 /* Frameworks */ = {
			isa = PBXFrameworksBuildPhase;
			buildActionMask = 2147483647;
			files = (
			);
			runOnlyForDeploymentPostprocessing = 0;
		};
		759787DF2E42E6F1009C7329 /* Frameworks */ = {
			isa = PBXFrameworksBuildPhase;
			buildActionMask = 2147483647;
			files = (
			);
			runOnlyForDeploymentPostprocessing = 0;
		};
/* End PBXFrameworksBuildPhase section */

/* Begin PBXGroup section */
		759787BA2E42E6EE009C7329 = {
			isa = PBXGroup;
			children = (
				7561FB1C2E455A5D003611FB /* README.md */,
				759787C52E42E6EE009C7329 /* ExpenseLite */,
				759787DB2E42E6F1009C7329 /* ExpenseLiteTests */,
				759787E52E42E6F1009C7329 /* ExpenseLiteUITests */,
				759787C42E42E6EE009C7329 /* Products */,
			);
			sourceTree = "<group>";
		};
		759787C42E42E6EE009C7329 /* Products */ = {
			isa = PBXGroup;
			children = (
				759787C32E42E6EE009C7329 /* ExpenseLite.app */,
				759787D82E42E6F1009C7329 /* ExpenseLiteTests.xctest */,
				759787E22E42E6F1009C7329 /* ExpenseLiteUITests.xctest */,
			);
			name = Products;
			sourceTree = "<group>";
		};
/* End PBXGroup section */

/* Begin PBXNativeTarget section */
		759787C22E42E6EE009C7329 /* ExpenseLite */ = {
			isa = PBXNativeTarget;
			buildConfigurationList = 759787EC2E42E6F1009C7329 /* Build configuration list for PBXNativeTarget "ExpenseLite" */;
			buildPhases = (
				759787BF2E42E6EE009C7329 /* Sources */,
				759787C02E42E6EE009C7329 /* Frameworks */,
				759787C12E42E6EE009C7329 /* Resources */,
			);
			buildRules = (
			);
			dependencies = (
			);
			fileSystemSynchronizedGroups = (
				759787C52E42E6EE009C7329 /* ExpenseLite */,
			);
			name = ExpenseLite;
			packageProductDependencies = (
			);
			productName = ExpenseLite;
			productReference = 759787C32E42E6EE009C7329 /* ExpenseLite.app */;
			productType = "com.apple.product-type.application";
		};
		759787D72E42E6F1009C7329 /* ExpenseLiteTests */ = {
			isa = PBXNativeTarget;
			buildConfigurationList = 759787EF2E42E6F1009C7329 /* Build configuration list for PBXNativeTarget "ExpenseLiteTests" */;
			buildPhases = (
				759787D42E42E6F1009C7329 /* Sources */,
				759787D52E42E6F1009C7329 /* Frameworks */,
				759787D62E42E6F1009C7329 /* Resources */,
			);
			buildRules = (
			);
			dependencies = (
				759787DA2E42E6F1009C7329 /* PBXTargetDependency */,
			);
			fileSystemSynchronizedGroups = (
				759787DB2E42E6F1009C7329 /* ExpenseLiteTests */,
			);
			name = ExpenseLiteTests;
			packageProductDependencies = (
			);
			productName = ExpenseLiteTests;
			productReference = 759787D82E42E6F1009C7329 /* ExpenseLiteTests.xctest */;
			productType = "com.apple.product-type.bundle.unit-test";
		};
		759787E12E42E6F1009C7329 /* ExpenseLiteUITests */ = {
			isa = PBXNativeTarget;
			buildConfigurationList = 759787F22E42E6F1009C7329 /* Build configuration list for PBXNativeTarget "ExpenseLiteUITests" */;
			buildPhases = (
				759787DE2E42E6F1009C7329 /* Sources */,
				759787DF2E42E6F1009C7329 /* Frameworks */,
				759787E02E42E6F1009C7329 /* Resources */,
			);
			buildRules = (
			);
			dependencies = (
				759787E42E42E6F1009C7329 /* PBXTargetDependency */,
			);
			fileSystemSynchronizedGroups = (
				759787E52E42E6F1009C7329 /* ExpenseLiteUITests */,
			);
			name = ExpenseLiteUITests;
			packageProductDependencies = (
			);
			productName = ExpenseLiteUITests;
			productReference = 759787E22E42E6F1009C7329 /* ExpenseLiteUITests.xctest */;
			productType = "com.apple.product-type.bundle.ui-testing";
		};
/* End PBXNativeTarget section */

/* Begin PBXProject section */
		759787BB2E42E6EE009C7329 /* Project object */ = {
			isa = PBXProject;
			attributes = {
				BuildIndependentTargetsInParallel = 1;
				LastSwiftUpdateCheck = 1600;
				LastUpgradeCheck = 1600;
				TargetAttributes = {
					759787C22E42E6EE009C7329 = {
						CreatedOnToolsVersion = 16.0;
					};
					759787D72E42E6F1009C7329 = {
						CreatedOnToolsVersion = 16.0;
						TestTargetID = 759787C22E42E6EE009C7329;
					};
					759787E12E42E6F1009C7329 = {
						CreatedOnToolsVersion = 16.0;
						TestTargetID = 759787C22E42E6EE009C7329;
					};
				};
			};
			buildConfigurationList = 759787BE2E42E6EE009C7329 /* Build configuration list for PBXProject "ExpenseLite" */;
			developmentRegion = en;
			hasScannedForEncodings = 0;
			knownRegions = (
				en,
				Base,
			);
			mainGroup = 759787BA2E42E6EE009C7329;
			minimizedProjectReferenceProxies = 1;
			preferredProjectObjectVersion = 77;
			productRefGroup = 759787C42E42E6EE009C7329 /* Products */;
			projectDirPath = "";
			projectRoot = "";
			targets = (
				759787C22E42E6EE009C7329 /* ExpenseLite */,
				759787D72E42E6F1009C7329 /* ExpenseLiteTests */,
				759787E12E42E6F1009C7329 /* ExpenseLiteUITests */,
			);
		};
/* End PBXProject section */

/* Begin PBXResourcesBuildPhase section */
		759787C12E42E6EE009C7329 /* Resources */ = {
			isa = PBXResourcesBuildPhase;
			buildActionMask = 2147483647;
			files = (
				7561FB1D2E455A5D003611FB /* README.md in Resources */,
			);
			runOnlyForDeploymentPostprocessing = 0;
		};
		759787D62E42E6F1009C7329 /* Resources */ = {
			isa = PBXResourcesBuildPhase;
			buildActionMask = 2147483647;
			files = (
			);
			runOnlyForDeploymentPostprocessing = 0;
		};
		759787E02E42E6F1009C7329 /* Resources */ = {
			isa = PBXResourcesBuildPhase;
			buildActionMask = 2147483647;
			files = (
			);
			runOnlyForDeploymentPostprocessing = 0;
		};
/* End PBXResourcesBuildPhase section */

/* Begin PBXSourcesBuildPhase section */
		759787BF2E42E6EE009C7329 /* Sources */ = {
			isa = PBXSourcesBuildPhase;
			buildActionMask = 2147483647;
			files = (
			);
			runOnlyForDeploymentPostprocessing = 0;
		};
		759787D42E42E6F1009C7329 /* Sources */ = {
			isa = PBXSourcesBuildPhase;
			buildActionMask = 2147483647;
			files = (
			);
			runOnlyForDeploymentPostprocessing = 0;
		};
		759787DE2E42E6F1009C7329 /* Sources */ = {
			isa = PBXSourcesBuildPhase;
			buildActionMask = 2147483647;
			files = (
			);
			runOnlyForDeploymentPostprocessing = 0;
		};
/* End PBXSourcesBuildPhase section */

/* Begin PBXTargetDependency section */
		759787DA2E42E6F1009C7329 /* PBXTargetDependency */ = {
			isa = PBXTargetDependency;
			target = 759787C22E42E6EE009C7329 /* ExpenseLite */;
			targetProxy = 759787D92E42E6F1009C7329 /* PBXContainerItemProxy */;
		};
		759787E42E42E6F1009C7329 /* PBXTargetDependency */ = {
			isa = PBXTargetDependency;
			target = 759787C22E42E6EE009C7329 /* ExpenseLite */;
			targetProxy = 759787E32E42E6F1009C7329 /* PBXContainerItemProxy */;
		};
/* End PBXTargetDependency section */

/* Begin XCBuildConfiguration section */
		759787EA2E42E6F1009C7329 /* Debug */ = {
			isa = XCBuildConfiguration;
			buildSettings = {
				ALWAYS_SEARCH_USER_PATHS = NO;
				ASSETCATALOG_COMPILER_GENERATE_SWIFT_ASSET_SYMBOL_EXTENSIONS = YES;
				CLANG_ANALYZER_NONNULL = YES;
				CLANG_ANALYZER_NUMBER_OBJECT_CONVERSION = YES_AGGRESSIVE;
				CLANG_CXX_LANGUAGE_STANDARD = "gnu++20";
				CLANG_ENABLE_MODULES = YES;
				CLANG_ENABLE_OBJC_ARC = YES;
				CLANG_ENABLE_OBJC_WEAK = YES;
				CLANG_WARN_BLOCK_CAPTURE_AUTORELEASING = YES;
				CLANG_WARN_BOOL_CONVERSION = YES;
				CLANG_WARN_COMMA = YES;
				CLANG_WARN_CONSTANT_CONVERSION = YES;
				CLANG_WARN_DEPRECATED_OBJC_IMPLEMENTATIONS = YES;
				CLANG_WARN_DIRECT_OBJC_ISA_USAGE = YES_ERROR;
				CLANG_WARN_DOCUMENTATION_COMMENTS = YES;
				CLANG_WARN_EMPTY_BODY = YES;
				CLANG_WARN_ENUM_CONVERSION = YES;
				CLANG_WARN_INFINITE_RECURSION = YES;
				CLANG_WARN_INT_CONVERSION = YES;
				CLANG_WARN_NON_LITERAL_NULL_CONVERSION = YES;
				CLANG_WARN_OBJC_IMPLICIT_RETAIN_SELF = YES;
				CLANG_WARN_OBJC_LITERAL_CONVERSION = YES;
				CLANG_WARN_OBJC_ROOT_CLASS = YES_ERROR;
				CLANG_WARN_QUOTED_INCLUDE_IN_FRAMEWORK_HEADER = YES;
				CLANG_WARN_RANGE_LOOP_ANALYSIS = YES;
				CLANG_WARN_STRICT_PROTOTYPES = YES;
				CLANG_WARN_SUSPICIOUS_MOVE = YES;
				CLANG_WARN_UNGUARDED_AVAILABILITY = YES_AGGRESSIVE;
				CLANG_WARN_UNREACHABLE_CODE = YES;
				CLANG_WARN__DUPLICATE_METHOD_MATCH = YES;
				COPY_PHASE_STRIP = NO;
				DEBUG_INFORMATION_FORMAT = dwarf;
				ENABLE_STRICT_OBJC_MSGSEND = YES;
				ENABLE_TESTABILITY = YES;
				ENABLE_USER_SCRIPT_SANDBOXING = YES;
				GCC_C_LANGUAGE_STANDARD = gnu17;
				GCC_DYNAMIC_NO_PIC = NO;
				GCC_NO_COMMON_BLOCKS = YES;
				GCC_OPTIMIZATION_LEVEL = 0;
				GCC_PREPROCESSOR_DEFINITIONS = (
					"DEBUG=1",
					"$(inherited)",
				);
				GCC_WARN_64_TO_32_BIT_CONVERSION = YES;
				GCC_WARN_ABOUT_RETURN_TYPE = YES_ERROR;
				GCC_WARN_UNDECLARED_SELECTOR = YES;
				GCC_WARN_UNINITIALIZED_AUTOS = YES_AGGRESSIVE;
				GCC_WARN_UNUSED_FUNCTION = YES;
				GCC_WARN_UNUSED_VARIABLE = YES;
				IPHONEOS_DEPLOYMENT_TARGET = 18.0;
				LOCALIZATION_PREFERS_STRING_CATALOGS = YES;
				MTL_ENABLE_DEBUG_INFO = INCLUDE_SOURCE;
				MTL_FAST_MATH = YES;
				ONLY_ACTIVE_ARCH = YES;
				SDKROOT = iphoneos;
				SWIFT_ACTIVE_COMPILATION_CONDITIONS = "DEBUG $(inherited)";
				SWIFT_OPTIMIZATION_LEVEL = "-Onone";
			};
			name = Debug;
		};
		759787EB2E42E6F1009C7329 /* Release */ = {
			isa = XCBuildConfiguration;
			buildSettings = {
				ALWAYS_SEARCH_USER_PATHS = NO;
				ASSETCATALOG_COMPILER_GENERATE_SWIFT_ASSET_SYMBOL_EXTENSIONS = YES;
				CLANG_ANALYZER_NONNULL = YES;
				CLANG_ANALYZER_NUMBER_OBJECT_CONVERSION = YES_AGGRESSIVE;
				CLANG_CXX_LANGUAGE_STANDARD = "gnu++20";
				CLANG_ENABLE_MODULES = YES;
				CLANG_ENABLE_OBJC_ARC = YES;
				CLANG_ENABLE_OBJC_WEAK = YES;
				CLANG_WARN_BLOCK_CAPTURE_AUTORELEASING = YES;
				CLANG_WARN_BOOL_CONVERSION = YES;
				CLANG_WARN_COMMA = YES;
				CLANG_WARN_CONSTANT_CONVERSION = YES;
				CLANG_WARN_DEPRECATED_OBJC_IMPLEMENTATIONS = YES;
				CLANG_WARN_DIRECT_OBJC_ISA_USAGE = YES_ERROR;
				CLANG_WARN_DOCUMENTATION_COMMENTS = YES;
				CLANG_WARN_EMPTY_BODY = YES;
				CLANG_WARN_ENUM_CONVERSION = YES;
				CLANG_WARN_INFINITE_RECURSION = YES;
				CLANG_WARN_INT_CONVERSION = YES;
				CLANG_WARN_NON_LITERAL_NULL_CONVERSION = YES;
				CLANG_WARN_OBJC_IMPLICIT_RETAIN_SELF = YES;
				CLANG_WARN_OBJC_LITERAL_CONVERSION = YES;
				CLANG_WARN_OBJC_ROOT_CLASS = YES_ERROR;
				CLANG_WARN_QUOTED_INCLUDE_IN_FRAMEWORK_HEADER = YES;
				CLANG_WARN_RANGE_LOOP_ANALYSIS = YES;
				CLANG_WARN_STRICT_PROTOTYPES = YES;
				CLANG_WARN_SUSPICIOUS_MOVE = YES;
				CLANG_WARN_UNGUARDED_AVAILABILITY = YES_AGGRESSIVE;
				CLANG_WARN_UNREACHABLE_CODE = YES;
				CLANG_WARN__DUPLICATE_METHOD_MATCH = YES;
				COPY_PHASE_STRIP = NO;
				DEBUG_INFORMATION_FORMAT = "dwarf-with-dsym";
				ENABLE_NS_ASSERTIONS = NO;
				ENABLE_STRICT_OBJC_MSGSEND = YES;
				ENABLE_USER_SCRIPT_SANDBOXING = YES;
				GCC_C_LANGUAGE_STANDARD = gnu17;
				GCC_NO_COMMON_BLOCKS = YES;
				GCC_WARN_64_TO_32_BIT_CONVERSION = YES;
				GCC_WARN_ABOUT_RETURN_TYPE = YES_ERROR;
				GCC_WARN_UNDECLARED_SELECTOR = YES;
				GCC_WARN_UNINITIALIZED_AUTOS = YES_AGGRESSIVE;
				GCC_WARN_UNUSED_FUNCTION = YES;
				GCC_WARN_UNUSED_VARIABLE = YES;
				IPHONEOS_DEPLOYMENT_TARGET = 18.0;
				LOCALIZATION_PREFERS_STRING_CATALOGS = YES;
				MTL_ENABLE_DEBUG_INFO = NO;
				MTL_FAST_MATH = YES;
				SDKROOT = iphoneos;
				SWIFT_COMPILATION_MODE = wholemodule;
				VALIDATE_PRODUCT = YES;
			};
			name = Release;
		};
		759787ED2E42E6F1009C7329 /* Debug */ = {
			isa = XCBuildConfiguration;
			buildSettings = {
				ASSETCATALOG_COMPILER_APPICON_NAME = AppIcon;
				ASSETCATALOG_COMPILER_GLOBAL_ACCENT_COLOR_NAME = AccentColor;
				CODE_SIGN_STYLE = Automatic;
				CURRENT_PROJECT_VERSION = 1;
				DEVELOPMENT_ASSET_PATHS = "\"ExpenseLite/Preview Content\"";
				DEVELOPMENT_TEAM = 5C826R3CUV;
				ENABLE_PREVIEWS = YES;
				GENERATE_INFOPLIST_FILE = YES;
				INFOPLIST_KEY_UIApplicationSceneManifest_Generation = YES;
				INFOPLIST_KEY_UIApplicationSupportsIndirectInputEvents = YES;
				INFOPLIST_KEY_UILaunchScreen_Generation = YES;
				INFOPLIST_KEY_UISupportedInterfaceOrientations_iPad = "UIInterfaceOrientationPortrait UIInterfaceOrientationPortraitUpsideDown UIInterfaceOrientationLandscapeLeft UIInterfaceOrientationLandscapeRight";
				INFOPLIST_KEY_UISupportedInterfaceOrientations_iPhone = "UIInterfaceOrientationPortrait UIInterfaceOrientationLandscapeLeft UIInterfaceOrientationLandscapeRight";
				LD_RUNPATH_SEARCH_PATHS = (
					"$(inherited)",
					"@executable_path/Frameworks",
				);
				MARKETING_VERSION = 1.0;
				PRODUCT_BUNDLE_IDENTIFIER = com.emadhabib.ExpenseLite;
				PRODUCT_NAME = "$(TARGET_NAME)";
				SWIFT_EMIT_LOC_STRINGS = YES;
				SWIFT_VERSION = 5.0;
				TARGETED_DEVICE_FAMILY = "1,2";
			};
			name = Debug;
		};
		759787EE2E42E6F1009C7329 /* Release */ = {
			isa = XCBuildConfiguration;
			buildSettings = {
				ASSETCATALOG_COMPILER_APPICON_NAME = AppIcon;
				ASSETCATALOG_COMPILER_GLOBAL_ACCENT_COLOR_NAME = AccentColor;
				CODE_SIGN_STYLE = Automatic;
				CURRENT_PROJECT_VERSION = 1;
				DEVELOPMENT_ASSET_PATHS = "\"ExpenseLite/Preview Content\"";
				DEVELOPMENT_TEAM = 5C826R3CUV;
				ENABLE_PREVIEWS = YES;
				GENERATE_INFOPLIST_FILE = YES;
				INFOPLIST_KEY_UIApplicationSceneManifest_Generation = YES;
				INFOPLIST_KEY_UIApplicationSupportsIndirectInputEvents = YES;
				INFOPLIST_KEY_UILaunchScreen_Generation = YES;
				INFOPLIST_KEY_UISupportedInterfaceOrientations_iPad = "UIInterfaceOrientationPortrait UIInterfaceOrientationPortraitUpsideDown UIInterfaceOrientationLandscapeLeft UIInterfaceOrientationLandscapeRight";
				INFOPLIST_KEY_UISupportedInterfaceOrientations_iPhone = "UIInterfaceOrientationPortrait UIInterfaceOrientationLandscapeLeft UIInterfaceOrientationLandscapeRight";
				LD_RUNPATH_SEARCH_PATHS = (
					"$(inherited)",
					"@executable_path/Frameworks",
				);
				MARKETING_VERSION = 1.0;
				PRODUCT_BUNDLE_IDENTIFIER = com.emadhabib.ExpenseLite;
				PRODUCT_NAME = "$(TARGET_NAME)";
				SWIFT_EMIT_LOC_STRINGS = YES;
				SWIFT_VERSION = 5.0;
				TARGETED_DEVICE_FAMILY = "1,2";
			};
			name = Release;
		};
		759787F02E42E6F1009C7329 /* Debug */ = {
			isa = XCBuildConfiguration;
			buildSettings = {
				BUNDLE_LOADER = "$(TEST_HOST)";
				CODE_SIGN_STYLE = Automatic;
				CURRENT_PROJECT_VERSION = 1;
				DEVELOPMENT_TEAM = 5C826R3CUV;
				GENERATE_INFOPLIST_FILE = YES;
				IPHONEOS_DEPLOYMENT_TARGET = 18.0;
				MARKETING_VERSION = 1.0;
				PRODUCT_BUNDLE_IDENTIFIER = com.emadhabib.ExpenseLiteTests;
				PRODUCT_NAME = "$(TARGET_NAME)";
				SWIFT_EMIT_LOC_STRINGS = NO;
				SWIFT_VERSION = 5.0;
				TARGETED_DEVICE_FAMILY = "1,2";
				TEST_HOST = "$(BUILT_PRODUCTS_DIR)/ExpenseLite.app/$(BUNDLE_EXECUTABLE_FOLDER_PATH)/ExpenseLite";
			};
			name = Debug;
		};
		759787F12E42E6F1009C7329 /* Release */ = {
			isa = XCBuildConfiguration;
			buildSettings = {
				BUNDLE_LOADER = "$(TEST_HOST)";
				CODE_SIGN_STYLE = Automatic;
				CURRENT_PROJECT_VERSION = 1;
				DEVELOPMENT_TEAM = 5C826R3CUV;
				GENERATE_INFOPLIST_FILE = YES;
				IPHONEOS_DEPLOYMENT_TARGET = 18.0;
				MARKETING_VERSION = 1.0;
				PRODUCT_BUNDLE_IDENTIFIER = com.emadhabib.ExpenseLiteTests;
				PRODUCT_NAME = "$(TARGET_NAME)";
				SWIFT_EMIT_LOC_STRINGS = NO;
				SWIFT_VERSION = 5.0;
				TARGETED_DEVICE_FAMILY = "1,2";
				TEST_HOST = "$(BUILT_PRODUCTS_DIR)/ExpenseLite.app/$(BUNDLE_EXECUTABLE_FOLDER_PATH)/ExpenseLite";
			};
			name = Release;
		};
		759787F32E42E6F1009C7329 /* Debug */ = {
			isa = XCBuildConfiguration;
			buildSettings = {
				CODE_SIGN_STYLE = Automatic;
				CURRENT_PROJECT_VERSION = 1;
				DEVELOPMENT_TEAM = 5C826R3CUV;
				GENERATE_INFOPLIST_FILE = YES;
				MARKETING_VERSION = 1.0;
				PRODUCT_BUNDLE_IDENTIFIER = com.emadhabib.ExpenseLiteUITests;
				PRODUCT_NAME = "$(TARGET_NAME)";
				SWIFT_EMIT_LOC_STRINGS = NO;
				SWIFT_VERSION = 5.0;
				TARGETED_DEVICE_FAMILY = "1,2";
				TEST_TARGET_NAME = ExpenseLite;
			};
			name = Debug;
		};
		759787F42E42E6F1009C7329 /* Release */ = {
			isa = XCBuildConfiguration;
			buildSettings = {
				CODE_SIGN_STYLE = Automatic;
				CURRENT_PROJECT_VERSION = 1;
				DEVELOPMENT_TEAM = 5C826R3CUV;
				GENERATE_INFOPLIST_FILE = YES;
				MARKETING_VERSION = 1.0;
				PRODUCT_BUNDLE_IDENTIFIER = com.emadhabib.ExpenseLiteUITests;
				PRODUCT_NAME = "$(TARGET_NAME)";
				SWIFT_EMIT_LOC_STRINGS = NO;
				SWIFT_VERSION = 5.0;
				TARGETED_DEVICE_FAMILY = "1,2";
				TEST_TARGET_NAME = ExpenseLite;
			};
			name = Release;
		};
/* End XCBuildConfiguration section */

/* Begin XCConfigurationList section */
		759787BE2E42E6EE009C7329 /* Build configuration list for PBXProject "ExpenseLite" */ = {
			isa = XCConfigurationList;
			buildConfigurations = (
				759787EA2E42E6F1009C7329 /* Debug */,
				759787EB2E42E6F1009C7329 /* Release */,
			);
			defaultConfigurationIsVisible = 0;
			defaultConfigurationName = Release;
		};
		759787EC2E42E6F1009C7329 /* Build configuration list for PBXNativeTarget "ExpenseLite" */ = {
			isa = XCConfigurationList;
			buildConfigurations = (
				759787ED2E42E6F1009C7329 /* Debug */,
				759787EE2E42E6F1009C7329 /* Release */,
			);
			defaultConfigurationIsVisible = 0;
			defaultConfigurationName = Release;
		};
		759787EF2E42E6F1009C7329 /* Build configuration list for PBXNativeTarget "ExpenseLiteTests" */ = {
			isa = XCConfigurationList;
			buildConfigurations = (
				759787F02E42E6F1009C7329 /* Debug */,
				759787F12E42E6F1009C7329 /* Release */,
			);
			defaultConfigurationIsVisible = 0;
			defaultConfigurationName = Release;
		};
		759787F22E42E6F1009C7329 /* Build configuration list for PBXNativeTarget "ExpenseLiteUITests" */ = {
			isa = XCConfigurationList;
			buildConfigurations = (
				759787F32E42E6F1009C7329 /* Debug */,
				759787F42E42E6F1009C7329 /* Release */,
			);
			defaultConfigurationIsVisible = 0;
			defaultConfigurationName = Release;
		};
/* End XCConfigurationList section */
	};
	rootObject = 759787BB2E42E6EE009C7329 /* Project object */;
}
